
Microsoft Visual Studio Solution File, Format Version 12.00
# Visual Studio Version 16
VisualStudioVersion = 16.0.30114.105
MinimumVisualStudioVersion = 10.0.40219.1
Project("{FAE04EC0-301F-11D3-BF4B-00C04F79EFBC}") = "shipper-v3", "shipper-v3\shipper-v3.csproj", "{EDFCC43F-C366-40DA-B96E-43A6636215CE}"
EndProject
Global
	GlobalSection(SolutionConfigurationPlatforms) = preSolution
		Debug|Any CPU = Debug|Any CPU
		Release|Any CPU = Release|Any CPU
	EndGlobalSection
	GlobalSection(ProjectConfigurationPlatforms) = postSolution
		{EDFCC43F-C366-40DA-B96E-43A6636215CE}.Debug|Any CPU.ActiveCfg = Debug|Any CPU
		{EDFCC43F-C366-40DA-B96E-43A6636215CE}.Debug|Any CPU.Build.0 = Debug|Any CPU
		{EDFCC43F-C366-40DA-B96E-43A6636215CE}.Release|Any CPU.ActiveCfg = Release|Any CPU
		{EDFCC43F-C366-40DA-B96E-43A6636215CE}.Release|Any CPU.Build.0 = Release|Any CPU
	EndGlobalSection
	GlobalSection(SolutionProperties) = preSolution
		HideSolutionNode = FALSE
	EndGlobalSection
	GlobalSection(ExtensibilityGlobals) = postSolution
		SolutionGuid = {4796413C-5CE0-466A-8AED-13FD10DE648F}
	EndGlobalSection
EndGlobal
